
Microsoft Visual Studio Solution File, Format Version 12.00
# Visual Studio Version 16
VisualStudioVersion = 16.0.30804.86
MinimumVisualStudioVersion = 10.0.40219.1
Project("{FAE04EC0-301F-11D3-BF4B-00C04F79EFBC}") = "HelloWorld", "HelloWorld\HelloWorld.csproj", "{B1D121DE-C1D3-4138-8563-7B0894260C4E}"
EndProject
Global
	GlobalSection(SolutionConfigurationPlatforms) = preSolution
		Debug|Any CPU = Debug|Any CPU
		Release|Any CPU = Release|Any CPU
	EndGlobalSection
	GlobalSection(ProjectConfigurationPlatforms) = postSolution
		{B1D121DE-C1D3-4138-8563-7B0894260C4E}.Debug|Any CPU.ActiveCfg = Debug|Any CPU
		{B1D121DE-C1D3-4138-8563-7B0894260C4E}.Debug|Any CPU.Build.0 = Debug|Any CPU
		{B1D121DE-C1D3-4138-8563-7B0894260C4E}.Release|Any CPU.ActiveCfg = Release|Any CPU
		{B1D121DE-C1D3-4138-8563-7B0894260C4E}.Release|Any CPU.Build.0 = Release|Any CPU
	EndGlobalSection
	GlobalSection(SolutionProperties) = preSolution
		HideSolutionNode = FALSE
	EndGlobalSection
	GlobalSection(ExtensibilityGlobals) = postSolution
		SolutionGuid = {604AB3E0-E053-46BF-811F-9AEF667A734B}
	EndGlobalSection
EndGlobal
